
Microsoft Visual Studio Solution File, Format Version 12.00
# Visual Studio Version 17
VisualStudioVersion = 17.13.35913.81 d17.13
MinimumVisualStudioVersion = 10.0.40219.1
Project("{FAE04EC0-301F-11D3-BF4B-00C04F79EFBC}") = "minu konspekt", "minu konspekt\minu konspekt.csproj", "{6AE3FB74-FA3A-4AAE-8391-BF9177241F52}"
EndProject
Global
	GlobalSection(SolutionConfigurationPlatforms) = preSolution
		Debug|Any CPU = Debug|Any CPU
		Release|Any CPU = Release|Any CPU
	EndGlobalSection
	GlobalSection(ProjectConfigurationPlatforms) = postSolution
		{6AE3FB74-FA3A-4AAE-8391-BF9177241F52}.Debug|Any CPU.ActiveCfg = Debug|Any CPU
		{6AE3FB74-FA3A-4AAE-8391-BF9177241F52}.Debug|Any CPU.Build.0 = Debug|Any CPU
		{6AE3FB74-FA3A-4AAE-8391-BF9177241F52}.Release|Any CPU.ActiveCfg = Release|Any CPU
		{6AE3FB74-FA3A-4AAE-8391-BF9177241F52}.Release|Any CPU.Build.0 = Release|Any CPU
	EndGlobalSection
	GlobalSection(SolutionProperties) = preSolution
		HideSolutionNode = FALSE
	EndGlobalSection
	GlobalSection(ExtensibilityGlobals) = postSolution
		SolutionGuid = {B5123BAE-4276-4300-BC18-C270915883C3}
	EndGlobalSection
EndGlobal
